// !$*UTF8*$!
{
	archiveVersion = 1;
	classes = {
	};
	objectVersion = 77;
	objects = {

/* Begin PBXBuildFile section */
		7BE857052CCA1EBC002B0E67 /* Kingfisher in Frameworks */ = {isa = PBXBuildFile; productRef = 7BE857042CCA1EBC002B0E67 /* Kingfisher */; };
		7BE857182CCA1FB3002B0E67 /* ComposableArchitecture in Frameworks */ = {isa = PBXBuildFile; productRef = 7BE857172CCA1FB3002B0E67 /* ComposableArchitecture */; };
/* End PBXBuildFile section */

/* Begin PBXContainerItemProxy section */
		7BE856E42CCA1DCD002B0E67 /* PBXContainerItemProxy */ = {
			isa = PBXContainerItemProxy;
			containerPortal = 7BE856CB2CCA1DCC002B0E67 /* Project object */;
			proxyType = 1;
			remoteGlobalIDString = 7BE856D22CCA1DCC002B0E67;
			remoteInfo = LazyVStackIssue;
		};
		7BE856EE2CCA1DCD002B0E67 /* PBXContainerItemProxy */ = {
			isa = PBXContainerItemProxy;
			containerPortal = 7BE856CB2CCA1DCC002B0E67 /* Project object */;
			proxyType = 1;
			remoteGlobalIDString = 7BE856D22CCA1DCC002B0E67;
			remoteInfo = LazyVStackIssue;
		};
/* End PBXContainerItemProxy section */

/* Begin PBXFileReference section */
		7BE856D32CCA1DCC002B0E67 /* LazyVStackIssue.app */ = {isa = PBXFileReference; explicitFileType = wrapper.application; includeInIndex = 0; path = LazyVStackIssue.app; sourceTree = BUILT_PRODUCTS_DIR; };
		7BE856E32CCA1DCD002B0E67 /* LazyVStackIssueTests.xctest */ = {isa = PBXFileReference; explicitFileType = wrapper.cfbundle; includeInIndex = 0; path = LazyVStackIssueTests.xctest; sourceTree = BUILT_PRODUCTS_DIR; };
		7BE856ED2CCA1DCD002B0E67 /* LazyVStackIssueUITests.xctest */ = {isa = PBXFileReference; explicitFileType = wrapper.cfbundle; includeInIndex = 0; path = LazyVStackIssueUITests.xctest; sourceTree = BUILT_PRODUCTS_DIR; };
/* End PBXFileReference section */

/* Begin PBXFileSystemSynchronizedRootGroup section */
		7BE856D52CCA1DCC002B0E67 /* LazyVStackIssue */ = {
			isa = PBXFileSystemSynchronizedRootGroup;
			path = LazyVStackIssue;
			sourceTree = "<group>";
		};
		7BE856E62CCA1DCD002B0E67 /* LazyVStackIssueTests */ = {
			isa = PBXFileSystemSynchronizedRootGroup;
			path = LazyVStackIssueTests;
			sourceTree = "<group>";
		};
		7BE856F02CCA1DCD002B0E67 /* LazyVStackIssueUITests */ = {
			isa = PBXFileSystemSynchronizedRootGroup;
			path = LazyVStackIssueUITests;
			sourceTree = "<group>";
		};
/* End PBXFileSystemSynchronizedRootGroup section */

/* Begin PBXFrameworksBuildPhase section */
		7BE856D02CCA1DCC002B0E67 /* Frameworks */ = {
			isa = PBXFrameworksBuildPhase;
			buildActionMask = 2147483647;
			files = (
				7BE857182CCA1FB3002B0E67 /* ComposableArchitecture in Frameworks */,
				7BE857052CCA1EBC002B0E67 /* Kingfisher in Frameworks */,
			);
			runOnlyForDeploymentPostprocessing = 0;
		};
		7BE856E02CCA1DCD002B0E67 /* Frameworks */ = {
			isa = PBXFrameworksBuildPhase;
			buildActionMask = 2147483647;
			files = (
			);
			runOnlyForDeploymentPostprocessing = 0;
		};
		7BE856EA2CCA1DCD002B0E67 /* Frameworks */ = {
			isa = PBXFrameworksBuildPhase;
			buildActionMask = 2147483647;
			files = (
			);
			runOnlyForDeploymentPostprocessing = 0;
		};
/* End PBXFrameworksBuildPhase section */

/* Begin PBXGroup section */
		7BE856CA2CCA1DCC002B0E67 = {
			isa = PBXGroup;
			children = (
				7BE856D52CCA1DCC002B0E67 /* LazyVStackIssue */,
				7BE856E62CCA1DCD002B0E67 /* LazyVStackIssueTests */,
				7BE856F02CCA1DCD002B0E67 /* LazyVStackIssueUITests */,
				7BE856D42CCA1DCC002B0E67 /* Products */,
			);
			sourceTree = "<group>";
		};
		7BE856D42CCA1DCC002B0E67 /* Products */ = {
			isa = PBXGroup;
			children = (
				7BE856D32CCA1DCC002B0E67 /* LazyVStackIssue.app */,
				7BE856E32CCA1DCD002B0E67 /* LazyVStackIssueTests.xctest */,
				7BE856ED2CCA1DCD002B0E67 /* LazyVStackIssueUITests.xctest */,
			);
			name = Products;
			sourceTree = "<group>";
		};
/* End PBXGroup section */

/* Begin PBXNativeTarget section */
		7BE856D22CCA1DCC002B0E67 /* LazyVStackIssue */ = {
			isa = PBXNativeTarget;
			buildConfigurationList = 7BE856F72CCA1DCD002B0E67 /* Build configuration list for PBXNativeTarget "LazyVStackIssue" */;
			buildPhases = (
				7BE856CF2CCA1DCC002B0E67 /* Sources */,
				7BE856D02CCA1DCC002B0E67 /* Frameworks */,
				7BE856D12CCA1DCC002B0E67 /* Resources */,
			);
			buildRules = (
			);
			dependencies = (
			);
			fileSystemSynchronizedGroups = (
				7BE856D52CCA1DCC002B0E67 /* LazyVStackIssue */,
			);
			name = LazyVStackIssue;
			packageProductDependencies = (
				7BE857042CCA1EBC002B0E67 /* Kingfisher */,
				7BE857172CCA1FB3002B0E67 /* ComposableArchitecture */,
			);
			productName = LazyVStackIssue;
			productReference = 7BE856D32CCA1DCC002B0E67 /* LazyVStackIssue.app */;
			productType = "com.apple.product-type.application";
		};
		7BE856E22CCA1DCD002B0E67 /* LazyVStackIssueTests */ = {
			isa = PBXNativeTarget;
			buildConfigurationList = 7BE856FA2CCA1DCD002B0E67 /* Build configuration list for PBXNativeTarget "LazyVStackIssueTests" */;
			buildPhases = (
				7BE856DF2CCA1DCD002B0E67 /* Sources */,
				7BE856E02CCA1DCD002B0E67 /* Frameworks */,
				7BE856E12CCA1DCD002B0E67 /* Resources */,
			);
			buildRules = (
			);
			dependencies = (
				7BE856E52CCA1DCD002B0E67 /* PBXTargetDependency */,
			);
			fileSystemSynchronizedGroups = (
				7BE856E62CCA1DCD002B0E67 /* LazyVStackIssueTests */,
			);
			name = LazyVStackIssueTests;
			packageProductDependencies = (
			);
			productName = LazyVStackIssueTests;
			productReference = 7BE856E32CCA1DCD002B0E67 /* LazyVStackIssueTests.xctest */;
			productType = "com.apple.product-type.bundle.unit-test";
		};
		7BE856EC2CCA1DCD002B0E67 /* LazyVStackIssueUITests */ = {
			isa = PBXNativeTarget;
			buildConfigurationList = 7BE856FD2CCA1DCD002B0E67 /* Build configuration list for PBXNativeTarget "LazyVStackIssueUITests" */;
			buildPhases = (
				7BE856E92CCA1DCD002B0E67 /* Sources */,
				7BE856EA2CCA1DCD002B0E67 /* Frameworks */,
				7BE856EB2CCA1DCD002B0E67 /* Resources */,
			);
			buildRules = (
			);
			dependencies = (
				7BE856EF2CCA1DCD002B0E67 /* PBXTargetDependency */,
			);
			fileSystemSynchronizedGroups = (
				7BE856F02CCA1DCD002B0E67 /* LazyVStackIssueUITests */,
			);
			name = LazyVStackIssueUITests;
			packageProductDependencies = (
			);
			productName = LazyVStackIssueUITests;
			productReference = 7BE856ED2CCA1DCD002B0E67 /* LazyVStackIssueUITests.xctest */;
			productType = "com.apple.product-type.bundle.ui-testing";
		};
/* End PBXNativeTarget section */

/* Begin PBXProject section */
		7BE856CB2CCA1DCC002B0E67 /* Project object */ = {
			isa = PBXProject;
			attributes = {
				BuildIndependentTargetsInParallel = 1;
				LastSwiftUpdateCheck = 1600;
				LastUpgradeCheck = 1600;
				TargetAttributes = {
					7BE856D22CCA1DCC002B0E67 = {
						CreatedOnToolsVersion = 16.0;
					};
					7BE856E22CCA1DCD002B0E67 = {
						CreatedOnToolsVersion = 16.0;
						TestTargetID = 7BE856D22CCA1DCC002B0E67;
					};
					7BE856EC2CCA1DCD002B0E67 = {
						CreatedOnToolsVersion = 16.0;
						TestTargetID = 7BE856D22CCA1DCC002B0E67;
					};
				};
			};
			buildConfigurationList = 7BE856CE2CCA1DCC002B0E67 /* Build configuration list for PBXProject "LazyVStackIssue" */;
			developmentRegion = en;
			hasScannedForEncodings = 0;
			knownRegions = (
				en,
				Base,
			);
			mainGroup = 7BE856CA2CCA1DCC002B0E67;
			minimizedProjectReferenceProxies = 1;
			packageReferences = (
				7BE857032CCA1EBC002B0E67 /* XCRemoteSwiftPackageReference "Kingfisher" */,
				7BE857162CCA1FB3002B0E67 /* XCRemoteSwiftPackageReference "swift-composable-architecture" */,
			);
			preferredProjectObjectVersion = 77;
			productRefGroup = 7BE856D42CCA1DCC002B0E67 /* Products */;
			projectDirPath = "";
			projectRoot = "";
			targets = (
				7BE856D22CCA1DCC002B0E67 /* LazyVStackIssue */,
				7BE856E22CCA1DCD002B0E67 /* LazyVStackIssueTests */,
				7BE856EC2CCA1DCD002B0E67 /* LazyVStackIssueUITests */,
			);
		};
/* End PBXProject section */

/* Begin PBXResourcesBuildPhase section */
		7BE856D12CCA1DCC002B0E67 /* Resources */ = {
			isa = PBXResourcesBuildPhase;
			buildActionMask = 2147483647;
			files = (
			);
			runOnlyForDeploymentPostprocessing = 0;
		};
		7BE856E12CCA1DCD002B0E67 /* Resources */ = {
			isa = PBXResourcesBuildPhase;
			buildActionMask = 2147483647;
			files = (
			);
			runOnlyForDeploymentPostprocessing = 0;
		};
		7BE856EB2CCA1DCD002B0E67 /* Resources */ = {
			isa = PBXResourcesBuildPhase;
			buildActionMask = 2147483647;
			files = (
			);
			runOnlyForDeploymentPostprocessing = 0;
		};
/* End PBXResourcesBuildPhase section */

/* Begin PBXSourcesBuildPhase section */
		7BE856CF2CCA1DCC002B0E67 /* Sources */ = {
			isa = PBXSourcesBuildPhase;
			buildActionMask = 2147483647;
			files = (
			);
			runOnlyForDeploymentPostprocessing = 0;
		};
		7BE856DF2CCA1DCD002B0E67 /* Sources */ = {
			isa = PBXSourcesBuildPhase;
			buildActionMask = 2147483647;
			files = (
			);
			runOnlyForDeploymentPostprocessing = 0;
		};
		7BE856E92CCA1DCD002B0E67 /* Sources */ = {
			isa = PBXSourcesBuildPhase;
			buildActionMask = 2147483647;
			files = (
			);
			runOnlyForDeploymentPostprocessing = 0;
		};
/* End PBXSourcesBuildPhase section */

/* Begin PBXTargetDependency section */
		7BE856E52CCA1DCD002B0E67 /* PBXTargetDependency */ = {
			isa = PBXTargetDependency;
			target = 7BE856D22CCA1DCC002B0E67 /* LazyVStackIssue */;
			targetProxy = 7BE856E42CCA1DCD002B0E67 /* PBXContainerItemProxy */;
		};
		7BE856EF2CCA1DCD002B0E67 /* PBXTargetDependency */ = {
			isa = PBXTargetDependency;
			target = 7BE856D22CCA1DCC002B0E67 /* LazyVStackIssue */;
			targetProxy = 7BE856EE2CCA1DCD002B0E67 /* PBXContainerItemProxy */;
		};
/* End PBXTargetDependency section */

/* Begin XCBuildConfiguration section */
		7BE856F52CCA1DCD002B0E67 /* Debug */ = {
			isa = XCBuildConfiguration;
			buildSettings = {
				ALWAYS_SEARCH_USER_PATHS = NO;
				ASSETCATALOG_COMPILER_GENERATE_SWIFT_ASSET_SYMBOL_EXTENSIONS = YES;
				CLANG_ANALYZER_NONNULL = YES;
				CLANG_ANALYZER_NUMBER_OBJECT_CONVERSION = YES_AGGRESSIVE;
				CLANG_CXX_LANGUAGE_STANDARD = "gnu++20";
				CLANG_ENABLE_MODULES = YES;
				CLANG_ENABLE_OBJC_ARC = YES;
				CLANG_ENABLE_OBJC_WEAK = YES;
				CLANG_WARN_BLOCK_CAPTURE_AUTORELEASING = YES;
				CLANG_WARN_BOOL_CONVERSION = YES;
				CLANG_WARN_COMMA = YES;
				CLANG_WARN_CONSTANT_CONVERSION = YES;
				CLANG_WARN_DEPRECATED_OBJC_IMPLEMENTATIONS = YES;
				CLANG_WARN_DIRECT_OBJC_ISA_USAGE = YES_ERROR;
				CLANG_WARN_DOCUMENTATION_COMMENTS = YES;
				CLANG_WARN_EMPTY_BODY = YES;
				CLANG_WARN_ENUM_CONVERSION = YES;
				CLANG_WARN_INFINITE_RECURSION = YES;
				CLANG_WARN_INT_CONVERSION = YES;
				CLANG_WARN_NON_LITERAL_NULL_CONVERSION = YES;
				CLANG_WARN_OBJC_IMPLICIT_RETAIN_SELF = YES;
				CLANG_WARN_OBJC_LITERAL_CONVERSION = YES;
				CLANG_WARN_OBJC_ROOT_CLASS = YES_ERROR;
				CLANG_WARN_QUOTED_INCLUDE_IN_FRAMEWORK_HEADER = YES;
				CLANG_WARN_RANGE_LOOP_ANALYSIS = YES;
				CLANG_WARN_STRICT_PROTOTYPES = YES;
				CLANG_WARN_SUSPICIOUS_MOVE = YES;
				CLANG_WARN_UNGUARDED_AVAILABILITY = YES_AGGRESSIVE;
				CLANG_WARN_UNREACHABLE_CODE = YES;
				CLANG_WARN__DUPLICATE_METHOD_MATCH = YES;
				COPY_PHASE_STRIP = NO;
				DEBUG_INFORMATION_FORMAT = dwarf;
				ENABLE_STRICT_OBJC_MSGSEND = YES;
				ENABLE_TESTABILITY = YES;
				ENABLE_USER_SCRIPT_SANDBOXING = YES;
				GCC_C_LANGUAGE_STANDARD = gnu17;
				GCC_DYNAMIC_NO_PIC = NO;
				GCC_NO_COMMON_BLOCKS = YES;
				GCC_OPTIMIZATION_LEVEL = 0;
				GCC_PREPROCESSOR_DEFINITIONS = (
					"DEBUG=1",
					"$(inherited)",
				);
				GCC_WARN_64_TO_32_BIT_CONVERSION = YES;
				GCC_WARN_ABOUT_RETURN_TYPE = YES_ERROR;
				GCC_WARN_UNDECLARED_SELECTOR = YES;
				GCC_WARN_UNINITIALIZED_AUTOS = YES_AGGRESSIVE;
				GCC_WARN_UNUSED_FUNCTION = YES;
				GCC_WARN_UNUSED_VARIABLE = YES;
				IPHONEOS_DEPLOYMENT_TARGET = 18.0;
				LOCALIZATION_PREFERS_STRING_CATALOGS = YES;
				MTL_ENABLE_DEBUG_INFO = INCLUDE_SOURCE;
				MTL_FAST_MATH = YES;
				ONLY_ACTIVE_ARCH = YES;
				SDKROOT = iphoneos;
				SWIFT_ACTIVE_COMPILATION_CONDITIONS = "DEBUG $(inherited)";
				SWIFT_OPTIMIZATION_LEVEL = "-Onone";
			};
			name = Debug;
		};
		7BE856F62CCA1DCD002B0E67 /* Release */ = {
			isa = XCBuildConfiguration;
			buildSettings = {
				ALWAYS_SEARCH_USER_PATHS = NO;
				ASSETCATALOG_COMPILER_GENERATE_SWIFT_ASSET_SYMBOL_EXTENSIONS = YES;
				CLANG_ANALYZER_NONNULL = YES;
				CLANG_ANALYZER_NUMBER_OBJECT_CONVERSION = YES_AGGRESSIVE;
				CLANG_CXX_LANGUAGE_STANDARD = "gnu++20";
				CLANG_ENABLE_MODULES = YES;
				CLANG_ENABLE_OBJC_ARC = YES;
				CLANG_ENABLE_OBJC_WEAK = YES;
				CLANG_WARN_BLOCK_CAPTURE_AUTORELEASING = YES;
				CLANG_WARN_BOOL_CONVERSION = YES;
				CLANG_WARN_COMMA = YES;
				CLANG_WARN_CONSTANT_CONVERSION = YES;
				CLANG_WARN_DEPRECATED_OBJC_IMPLEMENTATIONS = YES;
				CLANG_WARN_DIRECT_OBJC_ISA_USAGE = YES_ERROR;
				CLANG_WARN_DOCUMENTATION_COMMENTS = YES;
				CLANG_WARN_EMPTY_BODY = YES;
				CLANG_WARN_ENUM_CONVERSION = YES;
				CLANG_WARN_INFINITE_RECURSION = YES;
				CLANG_WARN_INT_CONVERSION = YES;
				CLANG_WARN_NON_LITERAL_NULL_CONVERSION = YES;
				CLANG_WARN_OBJC_IMPLICIT_RETAIN_SELF = YES;
				CLANG_WARN_OBJC_LITERAL_CONVERSION = YES;
				CLANG_WARN_OBJC_ROOT_CLASS = YES_ERROR;
				CLANG_WARN_QUOTED_INCLUDE_IN_FRAMEWORK_HEADER = YES;
				CLANG_WARN_RANGE_LOOP_ANALYSIS = YES;
				CLANG_WARN_STRICT_PROTOTYPES = YES;
				CLANG_WARN_SUSPICIOUS_MOVE = YES;
				CLANG_WARN_UNGUARDED_AVAILABILITY = YES_AGGRESSIVE;
				CLANG_WARN_UNREACHABLE_CODE = YES;
				CLANG_WARN__DUPLICATE_METHOD_MATCH = YES;
				COPY_PHASE_STRIP = NO;
				DEBUG_INFORMATION_FORMAT = "dwarf-with-dsym";
				ENABLE_NS_ASSERTIONS = NO;
				ENABLE_STRICT_OBJC_MSGSEND = YES;
				ENABLE_USER_SCRIPT_SANDBOXING = YES;
				GCC_C_LANGUAGE_STANDARD = gnu17;
				GCC_NO_COMMON_BLOCKS = YES;
				GCC_WARN_64_TO_32_BIT_CONVERSION = YES;
				GCC_WARN_ABOUT_RETURN_TYPE = YES_ERROR;
				GCC_WARN_UNDECLARED_SELECTOR = YES;
				GCC_WARN_UNINITIALIZED_AUTOS = YES_AGGRESSIVE;
				GCC_WARN_UNUSED_FUNCTION = YES;
				GCC_WARN_UNUSED_VARIABLE = YES;
				IPHONEOS_DEPLOYMENT_TARGET = 18.0;
				LOCALIZATION_PREFERS_STRING_CATALOGS = YES;
				MTL_ENABLE_DEBUG_INFO = NO;
				MTL_FAST_MATH = YES;
				SDKROOT = iphoneos;
				SWIFT_COMPILATION_MODE = wholemodule;
				VALIDATE_PRODUCT = YES;
			};
			name = Release;
		};
		7BE856F82CCA1DCD002B0E67 /* Debug */ = {
			isa = XCBuildConfiguration;
			buildSettings = {
				ASSETCATALOG_COMPILER_APPICON_NAME = AppIcon;
				ASSETCATALOG_COMPILER_GLOBAL_ACCENT_COLOR_NAME = AccentColor;
				CODE_SIGN_STYLE = Automatic;
				CURRENT_PROJECT_VERSION = 1;
				DEVELOPMENT_ASSET_PATHS = "\"LazyVStackIssue/Preview Content\"";
				DEVELOPMENT_TEAM = H25F4B7J4U;
				ENABLE_PREVIEWS = YES;
				GENERATE_INFOPLIST_FILE = YES;
				INFOPLIST_KEY_UIApplicationSceneManifest_Generation = YES;
				INFOPLIST_KEY_UIApplicationSupportsIndirectInputEvents = YES;
				INFOPLIST_KEY_UILaunchScreen_Generation = YES;
				INFOPLIST_KEY_UISupportedInterfaceOrientations_iPad = "UIInterfaceOrientationPortrait UIInterfaceOrientationPortraitUpsideDown UIInterfaceOrientationLandscapeLeft UIInterfaceOrientationLandscapeRight";
				INFOPLIST_KEY_UISupportedInterfaceOrientations_iPhone = "UIInterfaceOrientationPortrait UIInterfaceOrientationLandscapeLeft UIInterfaceOrientationLandscapeRight";
				IPHONEOS_DEPLOYMENT_TARGET = 16.0;
				LD_RUNPATH_SEARCH_PATHS = (
					"$(inherited)",
					"@executable_path/Frameworks",
				);
				MARKETING_VERSION = 1.0;
				PRODUCT_BUNDLE_IDENTIFIER = LittleTail.LazyVStackIssue;
				PRODUCT_NAME = "$(TARGET_NAME)";
				SUPPORTED_PLATFORMS = "iphoneos iphonesimulator";
				SUPPORTS_MACCATALYST = NO;
				SUPPORTS_MAC_DESIGNED_FOR_IPHONE_IPAD = NO;
				SUPPORTS_XR_DESIGNED_FOR_IPHONE_IPAD = NO;
				SWIFT_EMIT_LOC_STRINGS = YES;
				SWIFT_VERSION = 6.0;
				TARGETED_DEVICE_FAMILY = 1;
			};
			name = Debug;
		};
		7BE856F92CCA1DCD002B0E67 /* Release */ = {
			isa = XCBuildConfiguration;
			buildSettings = {
				ASSETCATALOG_COMPILER_APPICON_NAME = AppIcon;
				ASSETCATALOG_COMPILER_GLOBAL_ACCENT_COLOR_NAME = AccentColor;
				CODE_SIGN_STYLE = Automatic;
				CURRENT_PROJECT_VERSION = 1;
				DEVELOPMENT_ASSET_PATHS = "\"LazyVStackIssue/Preview Content\"";
				DEVELOPMENT_TEAM = H25F4B7J4U;
				ENABLE_PREVIEWS = YES;
				GENERATE_INFOPLIST_FILE = YES;
				INFOPLIST_KEY_UIApplicationSceneManifest_Generation = YES;
				INFOPLIST_KEY_UIApplicationSupportsIndirectInputEvents = YES;
				INFOPLIST_KEY_UILaunchScreen_Generation = YES;
				INFOPLIST_KEY_UISupportedInterfaceOrientations_iPad = "UIInterfaceOrientationPortrait UIInterfaceOrientationPortraitUpsideDown UIInterfaceOrientationLandscapeLeft UIInterfaceOrientationLandscapeRight";
				INFOPLIST_KEY_UISupportedInterfaceOrientations_iPhone = "UIInterfaceOrientationPortrait UIInterfaceOrientationLandscapeLeft UIInterfaceOrientationLandscapeRight";
				IPHONEOS_DEPLOYMENT_TARGET = 16.0;
				LD_RUNPATH_SEARCH_PATHS = (
					"$(inherited)",
					"@executable_path/Frameworks",
				);
				MARKETING_VERSION = 1.0;
				PRODUCT_BUNDLE_IDENTIFIER = LittleTail.LazyVStackIssue;
				PRODUCT_NAME = "$(TARGET_NAME)";
				SUPPORTED_PLATFORMS = "iphoneos iphonesimulator";
				SUPPORTS_MACCATALYST = NO;
				SUPPORTS_MAC_DESIGNED_FOR_IPHONE_IPAD = NO;
				SUPPORTS_XR_DESIGNED_FOR_IPHONE_IPAD = NO;
				SWIFT_EMIT_LOC_STRINGS = YES;
				SWIFT_VERSION = 6.0;
				TARGETED_DEVICE_FAMILY = 1;
			};
			name = Release;
		};
		7BE856FB2CCA1DCD002B0E67 /* Debug */ = {
			isa = XCBuildConfiguration;
			buildSettings = {
				BUNDLE_LOADER = "$(TEST_HOST)";
				CODE_SIGN_STYLE = Automatic;
				CURRENT_PROJECT_VERSION = 1;
				DEVELOPMENT_TEAM = H25F4B7J4U;
				GENERATE_INFOPLIST_FILE = YES;
				IPHONEOS_DEPLOYMENT_TARGET = 18.0;
				MARKETING_VERSION = 1.0;
				PRODUCT_BUNDLE_IDENTIFIER = LittleTail.LazyVStackIssueTests;
				PRODUCT_NAME = "$(TARGET_NAME)";
				SWIFT_EMIT_LOC_STRINGS = NO;
				SWIFT_VERSION = 5.0;
				TARGETED_DEVICE_FAMILY = "1,2";
				TEST_HOST = "$(BUILT_PRODUCTS_DIR)/LazyVStackIssue.app/$(BUNDLE_EXECUTABLE_FOLDER_PATH)/LazyVStackIssue";
			};
			name = Debug;
		};
		7BE856FC2CCA1DCD002B0E67 /* Release */ = {
			isa = XCBuildConfiguration;
			buildSettings = {
				BUNDLE_LOADER = "$(TEST_HOST)";
				CODE_SIGN_STYLE = Automatic;
				CURRENT_PROJECT_VERSION = 1;
				DEVELOPMENT_TEAM = H25F4B7J4U;
				GENERATE_INFOPLIST_FILE = YES;
				IPHONEOS_DEPLOYMENT_TARGET = 18.0;
				MARKETING_VERSION = 1.0;
				PRODUCT_BUNDLE_IDENTIFIER = LittleTail.LazyVStackIssueTests;
				PRODUCT_NAME = "$(TARGET_NAME)";
				SWIFT_EMIT_LOC_STRINGS = NO;
				SWIFT_VERSION = 5.0;
				TARGETED_DEVICE_FAMILY = "1,2";
				TEST_HOST = "$(BUILT_PRODUCTS_DIR)/LazyVStackIssue.app/$(BUNDLE_EXECUTABLE_FOLDER_PATH)/LazyVStackIssue";
			};
			name = Release;
		};
		7BE856FE2CCA1DCD002B0E67 /* Debug */ = {
			isa = XCBuildConfiguration;
			buildSettings = {
				CODE_SIGN_STYLE = Automatic;
				CURRENT_PROJECT_VERSION = 1;
				DEVELOPMENT_TEAM = H25F4B7J4U;
				GENERATE_INFOPLIST_FILE = YES;
				MARKETING_VERSION = 1.0;
				PRODUCT_BUNDLE_IDENTIFIER = LittleTail.LazyVStackIssueUITests;
				PRODUCT_NAME = "$(TARGET_NAME)";
				SWIFT_EMIT_LOC_STRINGS = NO;
				SWIFT_VERSION = 5.0;
				TARGETED_DEVICE_FAMILY = "1,2";
				TEST_TARGET_NAME = LazyVStackIssue;
			};
			name = Debug;
		};
		7BE856FF2CCA1DCD002B0E67 /* Release */ = {
			isa = XCBuildConfiguration;
			buildSettings = {
				CODE_SIGN_STYLE = Automatic;
				CURRENT_PROJECT_VERSION = 1;
				DEVELOPMENT_TEAM = H25F4B7J4U;
				GENERATE_INFOPLIST_FILE = YES;
				MARKETING_VERSION = 1.0;
				PRODUCT_BUNDLE_IDENTIFIER = LittleTail.LazyVStackIssueUITests;
				PRODUCT_NAME = "$(TARGET_NAME)";
				SWIFT_EMIT_LOC_STRINGS = NO;
				SWIFT_VERSION = 5.0;
				TARGETED_DEVICE_FAMILY = "1,2";
				TEST_TARGET_NAME = LazyVStackIssue;
			};
			name = Release;
		};
/* End XCBuildConfiguration section */

/* Begin XCConfigurationList section */
		7BE856CE2CCA1DCC002B0E67 /* Build configuration list for PBXProject "LazyVStackIssue" */ = {
			isa = XCConfigurationList;
			buildConfigurations = (
				7BE856F52CCA1DCD002B0E67 /* Debug */,
				7BE856F62CCA1DCD002B0E67 /* Release */,
			);
			defaultConfigurationIsVisible = 0;
			defaultConfigurationName = Release;
		};
		7BE856F72CCA1DCD002B0E67 /* Build configuration list for PBXNativeTarget "LazyVStackIssue" */ = {
			isa = XCConfigurationList;
			buildConfigurations = (
				7BE856F82CCA1DCD002B0E67 /* Debug */,
				7BE856F92CCA1DCD002B0E67 /* Release */,
			);
			defaultConfigurationIsVisible = 0;
			defaultConfigurationName = Release;
		};
		7BE856FA2CCA1DCD002B0E67 /* Build configuration list for PBXNativeTarget "LazyVStackIssueTests" */ = {
			isa = XCConfigurationList;
			buildConfigurations = (
				7BE856FB2CCA1DCD002B0E67 /* Debug */,
				7BE856FC2CCA1DCD002B0E67 /* Release */,
			);
			defaultConfigurationIsVisible = 0;
			defaultConfigurationName = Release;
		};
		7BE856FD2CCA1DCD002B0E67 /* Build configuration list for PBXNativeTarget "LazyVStackIssueUITests" */ = {
			isa = XCConfigurationList;
			buildConfigurations = (
				7BE856FE2CCA1DCD002B0E67 /* Debug */,
				7BE856FF2CCA1DCD002B0E67 /* Release */,
			);
			defaultConfigurationIsVisible = 0;
			defaultConfigurationName = Release;
		};
/* End XCConfigurationList section */

/* Begin XCRemoteSwiftPackageReference section */
		7BE857032CCA1EBC002B0E67 /* XCRemoteSwiftPackageReference "Kingfisher" */ = {
			isa = XCRemoteSwiftPackageReference;
			repositoryURL = "https://github.com/onevcat/Kingfisher.git";
			requirement = {
				kind = upToNextMajorVersion;
				minimumVersion = 8.1.0;
			};
		};
		7BE857162CCA1FB3002B0E67 /* XCRemoteSwiftPackageReference "swift-composable-architecture" */ = {
			isa = XCRemoteSwiftPackageReference;
			repositoryURL = "https://github.com/pointfreeco/swift-composable-architecture.git";
			requirement = {
				kind = upToNextMajorVersion;
				minimumVersion = 1.15.2;
			};
		};
/* End XCRemoteSwiftPackageReference section */

/* Begin XCSwiftPackageProductDependency section */
		7BE857042CCA1EBC002B0E67 /* Kingfisher */ = {
			isa = XCSwiftPackageProductDependency;
			package = 7BE857032CCA1EBC002B0E67 /* XCRemoteSwiftPackageReference "Kingfisher" */;
			productName = Kingfisher;
		};
		7BE857172CCA1FB3002B0E67 /* ComposableArchitecture */ = {
			isa = XCSwiftPackageProductDependency;
			package = 7BE857162CCA1FB3002B0E67 /* XCRemoteSwiftPackageReference "swift-composable-architecture" */;
			productName = ComposableArchitecture;
		};
/* End XCSwiftPackageProductDependency section */
	};
	rootObject = 7BE856CB2CCA1DCC002B0E67 /* Project object */;
}
